// !$*UTF8*$!
{
	archiveVersion = 1;
	classes = {
	};
	objectVersion = 46;
	objects = {

/* Begin PBXBuildFile section */
		210BDE491B2B492D002CD59C /* AppDelegate.swift in Sources */ = {isa = PBXBuildFile; fileRef = 210BDE481B2B492D002CD59C /* AppDelegate.swift */; };
		210BDE4B1B2B492D002CD59C /* ViewController.swift in Sources */ = {isa = PBXBuildFile; fileRef = 210BDE4A1B2B492D002CD59C /* ViewController.swift */; };
		210BDE4E1B2B492D002CD59C /* Main.storyboard in Resources */ = {isa = PBXBuildFile; fileRef = 210BDE4C1B2B492D002CD59C /* Main.storyboard */; };
		210BDE501B2B492D002CD59C /* Images.xcassets in Resources */ = {isa = PBXBuildFile; fileRef = 210BDE4F1B2B492D002CD59C /* Images.xcassets */; };
		210BDE531B2B492D002CD59C /* LaunchScreen.xib in Resources */ = {isa = PBXBuildFile; fileRef = 210BDE511B2B492D002CD59C /* LaunchScreen.xib */; };
		210BDE5F1B2B492D002CD59C /* PostcardTests.swift in Sources */ = {isa = PBXBuildFile; fileRef = 210BDE5E1B2B492D002CD59C /* PostcardTests.swift */; };
/* End PBXBuildFile section */

/* Begin PBXContainerItemProxy section */
		210BDE591B2B492D002CD59C /* PBXContainerItemProxy */ = {
			isa = PBXContainerItemProxy;
			containerPortal = 210BDE3B1B2B492D002CD59C /* Project object */;
			proxyType = 1;
			remoteGlobalIDString = 210BDE421B2B492D002CD59C;
			remoteInfo = Postcard;
		};
/* End PBXContainerItemProxy section */

/* Begin PBXFileReference section */
		210BDE431B2B492D002CD59C /* Postcard.app */ = {isa = PBXFileReference; explicitFileType = wrapper.application; includeInIndex = 0; path = Postcard.app; sourceTree = BUILT_PRODUCTS_DIR; };
		210BDE471B2B492D002CD59C /* Info.plist */ = {isa = PBXFileReference; lastKnownFileType = text.plist.xml; path = Info.plist; sourceTree = "<group>"; };
		210BDE481B2B492D002CD59C /* AppDelegate.swift */ = {isa = PBXFileReference; lastKnownFileType = sourcecode.swift; path = AppDelegate.swift; sourceTree = "<group>"; };
		210BDE4A1B2B492D002CD59C /* ViewController.swift */ = {isa = PBXFileReference; lastKnownFileType = sourcecode.swift; path = ViewController.swift; sourceTree = "<group>"; };
		210BDE4D1B2B492D002CD59C /* Base */ = {isa = PBXFileReference; lastKnownFileType = file.storyboard; name = Base; path = Base.lproj/Main.storyboard; sourceTree = "<group>"; };
		210BDE4F1B2B492D002CD59C /* Images.xcassets */ = {isa = PBXFileReference; lastKnownFileType = folder.assetcatalog; path = Images.xcassets; sourceTree = "<group>"; };
		210BDE521B2B492D002CD59C /* Base */ = {isa = PBXFileReference; lastKnownFileType = file.xib; name = Base; path = Base.lproj/LaunchScreen.xib; sourceTree = "<group>"; };
		210BDE581B2B492D002CD59C /* PostcardTests.xctest */ = {isa = PBXFileReference; explicitFileType = wrapper.cfbundle; includeInIndex = 0; path = PostcardTests.xctest; sourceTree = BUILT_PRODUCTS_DIR; };
		210BDE5D1B2B492D002CD59C /* Info.plist */ = {isa = PBXFileReference; lastKnownFileType = text.plist.xml; path = Info.plist; sourceTree = "<group>"; };
		210BDE5E1B2B492D002CD59C /* PostcardTests.swift */ = {isa = PBXFileReference; lastKnownFileType = sourcecode.swift; path = PostcardTests.swift; sourceTree = "<group>"; };
/* End PBXFileReference section */

/* Begin PBXFrameworksBuildPhase section */
		210BDE401B2B492D002CD59C /* Frameworks */ = {
			isa = PBXFrameworksBuildPhase;
			buildActionMask = 2147483647;
			files = (
			);
			runOnlyForDeploymentPostprocessing = 0;
		};
		210BDE551B2B492D002CD59C /* Frameworks */ = {
			isa = PBXFrameworksBuildPhase;
			buildActionMask = 2147483647;
			files = (
			);
			runOnlyForDeploymentPostprocessing = 0;
		};
/* End PBXFrameworksBuildPhase section */

/* Begin PBXGroup section */
		210BDE3A1B2B492D002CD59C = {
			isa = PBXGroup;
			children = (
				210BDE451B2B492D002CD59C /* Postcard */,
				210BDE5B1B2B492D002CD59C /* PostcardTests */,
				210BDE441B2B492D002CD59C /* Products */,
			);
			sourceTree = "<group>";
		};
		210BDE441B2B492D002CD59C /* Products */ = {
			isa = PBXGroup;
			children = (
				210BDE431B2B492D002CD59C /* Postcard.app */,
				210BDE581B2B492D002CD59C /* PostcardTests.xctest */,
			);
			name = Products;
			sourceTree = "<group>";
		};
		210BDE451B2B492D002CD59C /* Postcard */ = {
			isa = PBXGroup;
			children = (
				210BDE481B2B492D002CD59C /* AppDelegate.swift */,
				210BDE4A1B2B492D002CD59C /* ViewController.swift */,
				210BDE4C1B2B492D002CD59C /* Main.storyboard */,
				210BDE4F1B2B492D002CD59C /* Images.xcassets */,
				210BDE511B2B492D002CD59C /* LaunchScreen.xib */,
				210BDE461B2B492D002CD59C /* Supporting Files */,
			);
			path = Postcard;
			sourceTree = "<group>";
		};
		210BDE461B2B492D002CD59C /* Supporting Files */ = {
			isa = PBXGroup;
			children = (
				210BDE471B2B492D002CD59C /* Info.plist */,
			);
			name = "Supporting Files";
			sourceTree = "<group>";
		};
		210BDE5B1B2B492D002CD59C /* PostcardTests */ = {
			isa = PBXGroup;
			children = (
				210BDE5E1B2B492D002CD59C /* PostcardTests.swift */,
				210BDE5C1B2B492D002CD59C /* Supporting Files */,
			);
			path = PostcardTests;
			sourceTree = "<group>";
		};
		210BDE5C1B2B492D002CD59C /* Supporting Files */ = {
			isa = PBXGroup;
			children = (
				210BDE5D1B2B492D002CD59C /* Info.plist */,
			);
			name = "Supporting Files";
			sourceTree = "<group>";
		};
/* End PBXGroup section */

/* Begin PBXNativeTarget section */
		210BDE421B2B492D002CD59C /* Postcard */ = {
			isa = PBXNativeTarget;
			buildConfigurationList = 210BDE621B2B492D002CD59C /* Build configuration list for PBXNativeTarget "Postcard" */;
			buildPhases = (
				210BDE3F1B2B492D002CD59C /* Sources */,
				210BDE401B2B492D002CD59C /* Frameworks */,
				210BDE411B2B492D002CD59C /* Resources */,
			);
			buildRules = (
			);
			dependencies = (
			);
			name = Postcard;
			productName = Postcard;
			productReference = 210BDE431B2B492D002CD59C /* Postcard.app */;
			productType = "com.apple.product-type.application";
		};
		210BDE571B2B492D002CD59C /* PostcardTests */ = {
			isa = PBXNativeTarget;
			buildConfigurationList = 210BDE651B2B492D002CD59C /* Build configuration list for PBXNativeTarget "PostcardTests" */;
			buildPhases = (
				210BDE541B2B492D002CD59C /* Sources */,
				210BDE551B2B492D002CD59C /* Frameworks */,
				210BDE561B2B492D002CD59C /* Resources */,
			);
			buildRules = (
			);
			dependencies = (
				210BDE5A1B2B492D002CD59C /* PBXTargetDependency */,
			);
			name = PostcardTests;
			productName = PostcardTests;
			productReference = 210BDE581B2B492D002CD59C /* PostcardTests.xctest */;
			productType = "com.apple.product-type.bundle.unit-test";
		};
/* End PBXNativeTarget section */

/* Begin PBXProject section */
		210BDE3B1B2B492D002CD59C /* Project object */ = {
			isa = PBXProject;
			attributes = {
				LastUpgradeCheck = 0630;
				ORGANIZATIONNAME = "Brian Bush";
				TargetAttributes = {
					210BDE421B2B492D002CD59C = {
						CreatedOnToolsVersion = 6.3.2;
					};
					210BDE571B2B492D002CD59C = {
						CreatedOnToolsVersion = 6.3.2;
						TestTargetID = 210BDE421B2B492D002CD59C;
					};
				};
			};
			buildConfigurationList = 210BDE3E1B2B492D002CD59C /* Build configuration list for PBXProject "Postcard" */;
			compatibilityVersion = "Xcode 3.2";
			developmentRegion = English;
			hasScannedForEncodings = 0;
			knownRegions = (
				en,
				Base,
			);
			mainGroup = 210BDE3A1B2B492D002CD59C;
			productRefGroup = 210BDE441B2B492D002CD59C /* Products */;
			projectDirPath = "";
			projectRoot = "";
			targets = (
				210BDE421B2B492D002CD59C /* Postcard */,
				210BDE571B2B492D002CD59C /* PostcardTests */,
			);
		};
/* End PBXProject section */

/* Begin PBXResourcesBuildPhase section */
		210BDE411B2B492D002CD59C /* Resources */ = {
			isa = PBXResourcesBuildPhase;
			buildActionMask = 2147483647;
			files = (
				210BDE4E1B2B492D002CD59C /* Main.storyboard in Resources */,
				210BDE531B2B492D002CD59C /* LaunchScreen.xib in Resources */,
				210BDE501B2B492D002CD59C /* Images.xcassets in Resources */,
			);
			runOnlyForDeploymentPostprocessing = 0;
		};
		210BDE561B2B492D002CD59C /* Resources */ = {
			isa = PBXResourcesBuildPhase;
			buildActionMask = 2147483647;
			files = (
			);
			runOnlyForDeploymentPostprocessing = 0;
		};
/* End PBXResourcesBuildPhase section */

/* Begin PBXSourcesBuildPhase section */
		210BDE3F1B2B492D002CD59C /* Sources */ = {
			isa = PBXSourcesBuildPhase;
			buildActionMask = 2147483647;
			files = (
				210BDE4B1B2B492D002CD59C /* ViewController.swift in Sources */,
				210BDE491B2B492D002CD59C /* AppDelegate.swift in Sources */,
			);
			runOnlyForDeploymentPostprocessing = 0;
		};
		210BDE541B2B492D002CD59C /* Sources */ = {
			isa = PBXSourcesBuildPhase;
			buildActionMask = 2147483647;
			files = (
				210BDE5F1B2B492D002CD59C /* PostcardTests.swift in Sources */,
			);
			runOnlyForDeploymentPostprocessing = 0;
		};
/* End PBXSourcesBuildPhase section */

/* Begin PBXTargetDependency section */
		210BDE5A1B2B492D002CD59C /* PBXTargetDependency */ = {
			isa = PBXTargetDependency;
			target = 210BDE421B2B492D002CD59C /* Postcard */;
			targetProxy = 210BDE591B2B492D002CD59C /* PBXContainerItemProxy */;
		};
/* End PBXTargetDependency section */

/* Begin PBXVariantGroup section */
		210BDE4C1B2B492D002CD59C /* Main.storyboard */ = {
			isa = PBXVariantGroup;
			children = (
				210BDE4D1B2B492D002CD59C /* Base */,
			);
			name = Main.storyboard;
			sourceTree = "<group>";
		};
		210BDE511B2B492D002CD59C /* LaunchScreen.xib */ = {
			isa = PBXVariantGroup;
			children = (
				210BDE521B2B492D002CD59C /* Base */,
			);
			name = LaunchScreen.xib;
			sourceTree = "<group>";
		};
/* End PBXVariantGroup section */

/* Begin XCBuildConfiguration section */
		210BDE601B2B492D002CD59C /* Debug */ = {
			isa = XCBuildConfiguration;
			buildSettings = {
				ALWAYS_SEARCH_USER_PATHS = NO;
				CLANG_CXX_LANGUAGE_STANDARD = "gnu++0x";
				CLANG_CXX_LIBRARY = "libc++";
				CLANG_ENABLE_MODULES = YES;
				CLANG_ENABLE_OBJC_ARC = YES;
				CLANG_WARN_BOOL_CONVERSION = YES;
				CLANG_WARN_CONSTANT_CONVERSION = YES;
				CLANG_WARN_DIRECT_OBJC_ISA_USAGE = YES_ERROR;
				CLANG_WARN_EMPTY_BODY = YES;
				CLANG_WARN_ENUM_CONVERSION = YES;
				CLANG_WARN_INT_CONVERSION = YES;
				CLANG_WARN_OBJC_ROOT_CLASS = YES_ERROR;
				CLANG_WARN_UNREACHABLE_CODE = YES;
				CLANG_WARN__DUPLICATE_METHOD_MATCH = YES;
				"CODE_SIGN_IDENTITY[sdk=iphoneos*]" = "iPhone Developer";
				COPY_PHASE_STRIP = NO;
				DEBUG_INFORMATION_FORMAT = "dwarf-with-dsym";
				ENABLE_STRICT_OBJC_MSGSEND = YES;
				GCC_C_LANGUAGE_STANDARD = gnu99;
				GCC_DYNAMIC_NO_PIC = NO;
				GCC_NO_COMMON_BLOCKS = YES;
				GCC_OPTIMIZATION_LEVEL = 0;
				GCC_PREPROCESSOR_DEFINITIONS = (
					"DEBUG=1",
					"$(inherited)",
				);
				GCC_SYMBOLS_PRIVATE_EXTERN = NO;
				GCC_WARN_64_TO_32_BIT_CONVERSION = YES;
				GCC_WARN_ABOUT_RETURN_TYPE = YES_ERROR;
				GCC_WARN_UNDECLARED_SELECTOR = YES;
				GCC_WARN_UNINITIALIZED_AUTOS = YES_AGGRESSIVE;
				GCC_WARN_UNUSED_FUNCTION = YES;
				GCC_WARN_UNUSED_VARIABLE = YES;
				IPHONEOS_DEPLOYMENT_TARGET = 8.3;
				MTL_ENABLE_DEBUG_INFO = YES;
				ONLY_ACTIVE_ARCH = YES;
				SDKROOT = iphoneos;
				SWIFT_OPTIMIZATION_LEVEL = "-Onone";
				TARGETED_DEVICE_FAMILY = "1,2";
			};
			name = Debug;
		};
		210BDE611B2B492D002CD59C /* Release */ = {
			isa = XCBuildConfiguration;
			buildSettings = {
				ALWAYS_SEARCH_USER_PATHS = NO;
				CLANG_CXX_LANGUAGE_STANDARD = "gnu++0x";
				CLANG_CXX_LIBRARY = "libc++";
				CLANG_ENABLE_MODULES = YES;
				CLANG_ENABLE_OBJC_ARC = YES;
				CLANG_WARN_BOOL_CONVERSION = YES;
				CLANG_WARN_CONSTANT_CONVERSION = YES;
				CLANG_WARN_DIRECT_OBJC_ISA_USAGE = YES_ERROR;
				CLANG_WARN_EMPTY_BODY = YES;
				CLANG_WARN_ENUM_CONVERSION = YES;
				CLANG_WARN_INT_CONVERSION = YES;
				CLANG_WARN_OBJC_ROOT_CLASS = YES_ERROR;
				CLANG_WARN_UNREACHABLE_CODE = YES;
				CLANG_WARN__DUPLICATE_METHOD_MATCH = YES;
				"CODE_SIGN_IDENTITY[sdk=iphoneos*]" = "iPhone Developer";
				COPY_PHASE_STRIP = NO;
				DEBUG_INFORMATION_FORMAT = "dwarf-with-dsym";
				ENABLE_NS_ASSERTIONS = NO;
				ENABLE_STRICT_OBJC_MSGSEND = YES;
				GCC_C_LANGUAGE_STANDARD = gnu99;
				GCC_NO_COMMON_BLOCKS = YES;
				GCC_WARN_64_TO_32_BIT_CONVERSION = YES;
				GCC_WARN_ABOUT_RETURN_TYPE = YES_ERROR;
				GCC_WARN_UNDECLARED_SELECTOR = YES;
				GCC_WARN_UNINITIALIZED_AUTOS = YES_AGGRESSIVE;
				GCC_WARN_UNUSED_FUNCTION = YES;
				GCC_WARN_UNUSED_VARIABLE = YES;
				IPHONEOS_DEPLOYMENT_TARGET = 8.3;
				MTL_ENABLE_DEBUG_INFO = NO;
				SDKROOT = iphoneos;
				TARGETED_DEVICE_FAMILY = "1,2";
				VALIDATE_PRODUCT = YES;
			};
			name = Release;
		};
		210BDE631B2B492D002CD59C /* Debug */ = {
			isa = XCBuildConfiguration;
			buildSettings = {
				ASSETCATALOG_COMPILER_APPICON_NAME = AppIcon;
				INFOPLIST_FILE = Postcard/Info.plist;
				LD_RUNPATH_SEARCH_PATHS = "$(inherited) @executable_path/Frameworks";
				PRODUCT_NAME = "$(TARGET_NAME)";
			};
			name = Debug;
		};
		210BDE641B2B492D002CD59C /* Release */ = {
			isa = XCBuildConfiguration;
			buildSettings = {
				ASSETCATALOG_COMPILER_APPICON_NAME = AppIcon;
				INFOPLIST_FILE = Postcard/Info.plist;
				LD_RUNPATH_SEARCH_PATHS = "$(inherited) @executable_path/Frameworks";
				PRODUCT_NAME = "$(TARGET_NAME)";
			};
			name = Release;
		};
		210BDE661B2B492D002CD59C /* Debug */ = {
			isa = XCBuildConfiguration;
			buildSettings = {
				BUNDLE_LOADER = "$(TEST_HOST)";
				FRAMEWORK_SEARCH_PATHS = (
					"$(SDKROOT)/Developer/Library/Frameworks",
					"$(inherited)",
				);
				GCC_PREPROCESSOR_DEFINITIONS = (
					"DEBUG=1",
					"$(inherited)",
				);
				INFOPLIST_FILE = PostcardTests/Info.plist;
				LD_RUNPATH_SEARCH_PATHS = "$(inherited) @executable_path/Frameworks @loader_path/Frameworks";
				PRODUCT_NAME = "$(TARGET_NAME)";
				TEST_HOST = "$(BUILT_PRODUCTS_DIR)/Postcard.app/Postcard";
			};
			name = Debug;
		};
		210BDE671B2B492D002CD59C /* Release */ = {
			isa = XCBuildConfiguration;
			buildSettings = {
				BUNDLE_LOADER = "$(TEST_HOST)";
				FRAMEWORK_SEARCH_PATHS = (
					"$(SDKROOT)/Developer/Library/Frameworks",
					"$(inherited)",
				);
				INFOPLIST_FILE = PostcardTests/Info.plist;
				LD_RUNPATH_SEARCH_PATHS = "$(inherited) @executable_path/Frameworks @loader_path/Frameworks";
				PRODUCT_NAME = "$(TARGET_NAME)";
				TEST_HOST = "$(BUILT_PRODUCTS_DIR)/Postcard.app/Postcard";
			};
			name = Release;
		};
/* End XCBuildConfiguration section */

/* Begin XCConfigurationList section */
		210BDE3E1B2B492D002CD59C /* Build configuration list for PBXProject "Postcard" */ = {
			isa = XCConfigurationList;
			buildConfigurations = (
				210BDE601B2B492D002CD59C /* Debug */,
				210BDE611B2B492D002CD59C /* Release */,
			);
			defaultConfigurationIsVisible = 0;
			defaultConfigurationName = Release;
		};
		210BDE621B2B492D002CD59C /* Build configuration list for PBXNativeTarget "Postcard" */ = {
			isa = XCConfigurationList;
			buildConfigurations = (
				210BDE631B2B492D002CD59C /* Debug */,
				210BDE641B2B492D002CD59C /* Release */,
			);
			defaultConfigurationIsVisible = 0;
		};
		210BDE651B2B492D002CD59C /* Build configuration list for PBXNativeTarget "PostcardTests" */ = {
			isa = XCConfigurationList;
			buildConfigurations = (
				210BDE661B2B492D002CD59C /* Debug */,
				210BDE671B2B492D002CD59C /* Release */,
			);
			defaultConfigurationIsVisible = 0;
		};
/* End XCConfigurationList section */
	};
	rootObject = 210BDE3B1B2B492D002CD59C /* Project object */;
}
